
Microsoft Visual Studio Solution File, Format Version 12.00
Project("{FAE04EC0-301F-11D3-BF4B-00C04F79EFBC}") = "CinemaSystem", "CinemaSystem\CinemaSystem.csproj", "{A75DDD35-13FB-4924-AB4B-5E1B2C854109}"
EndProject
Global
	GlobalSection(SolutionConfigurationPlatforms) = preSolution
		Debug|Any CPU = Debug|Any CPU
		Release|Any CPU = Release|Any CPU
	EndGlobalSection
	GlobalSection(ProjectConfigurationPlatforms) = postSolution
		{A75DDD35-13FB-4924-AB4B-5E1B2C854109}.Debug|Any CPU.ActiveCfg = Debug|Any CPU
		{A75DDD35-13FB-4924-AB4B-5E1B2C854109}.Debug|Any CPU.Build.0 = Debug|Any CPU
		{A75DDD35-13FB-4924-AB4B-5E1B2C854109}.Release|Any CPU.ActiveCfg = Release|Any CPU
		{A75DDD35-13FB-4924-AB4B-5E1B2C854109}.Release|Any CPU.Build.0 = Release|Any CPU
	EndGlobalSection
EndGlobal
